{"name":"gmb-api","version":"1.0.0","lockfileVersion":3,"requires":true,"packages":{"":{"name":"gmb-api","version":"1.0.0","license":"MIT","dependencies":{"@hono/node-server":"^1.13.7","hono":"^4.6.12","uuid":"^11.0.3","zod":"^3.23.8"},"devDependencies":{"@types/node":"^22.10.1","@types/uuid":"^10.0.0","tsx":"^4.19.2","typescript":"^5.7.2"}},"node_modules/@hono/node-server":{"version":"1.19.6","resolved":"https://registry.npmjs.org/@hono/node-server/-/node-server-1.19.6.tgz","integrity":"sha512-Shz/KjlIeAhfiuE93NDKVdZ7HdBVLQAfdbaXEaoAVO3ic9ibRSLGIQGkcBbFyuLr+7/1D5ZCINM8B+6IvXeMtw==","engines":{"node":">=18.14.1"},"peerDependencies":{"hono":"^4"}},"node_modules/@types/node":{"version":"22.19.1","resolved":"https://registry.npmjs.org/@types/node/-/node-22.19.1.tgz","integrity":"sha512-LCCV0HdSZZZb34qifBsyWlUmok6W7ouER+oQIGBScS8EsZsQbrtFTUrDX4hOl+CS6p7cnNC4td+qrSVGSCTUfQ==","dev":true,"dependencies":{"undici-types":"~6.21.0"}},"node_modules/@types/uuid":{"version":"10.0.0","resolved":"https://registry.npmjs.org/@types/uuid/-/uuid-10.0.0.tgz","integrity":"sha512-7gqG38EyHgyP1S+7+xomFtL+ZNHcKv6DwNaCZmJmo1vgMugyF3TCnXVg4t1uk89mLNwnLtnY3TpOpCOyp1/xHQ==","dev":true},"node_modules/esbuild":{"version":"0.27.1","resolved":"https://registry.npmjs.org/esbuild/-/esbuild-0.27.1.tgz","integrity":"sha512-yY35KZckJJuVVPXpvjgxiCuVEJT67F6zDeVTv4rizyPrfGBUpZQsvmxnN+C371c2esD/hNMjj4tpBhuueLN7aA==","dev":true,"hasInstallScript":true,"bin":{"esbuild":"bin/esbuild"},"engines":{"node":">=18"},"optionalDependencies":{"@esbuild/aix-ppc64":"0.27.1","@esbuild/android-arm":"0.27.1","@esbuild/android-arm64":"0.27.1","@esbuild/android-x64":"0.27.1","@esbuild/darwin-arm64":"0.27.1","@esbuild/darwin-x64":"0.27.1","@esbuild/freebsd-arm64":"0.27.1","@esbuild/freebsd-x64":"0.27.1","@esbuild/linux-arm":"0.27.1","@esbuild/linux-arm64":"0.27.1","@esbuild/linux-ia32":"0.27.1","@esbuild/linux-loong64":"0.27.1","@esbuild/linux-mips64el":"0.27.1","@esbuild/linux-ppc64":"0.27.1","@esbuild/linux-riscv64":"0.27.1","@esbuild/linux-s390x":"0.27.1","@esbuild/linux-x64":"0.27.1","@esbuild/netbsd-arm64":"0.27.1","@esbuild/netbsd-x64":"0.27.1","@esbuild/openbsd-arm64":"0.27.1","@esbuild/openbsd-x64":"0.27.1","@esbuild/openharmony-arm64":"0.27.1","@esbuild/sunos-x64":"0.27.1","@esbuild/win32-arm64":"0.27.1","@esbuild/win32-ia32":"0.27.1","@esbuild/win32-x64":"0.27.1"}},"node_modules/get-tsconfig":{"version":"4.13.0","resolved":"https://registry.npmjs.org/get-tsconfig/-/get-tsconfig-4.13.0.tgz","integrity":"sha512-1VKTZJCwBrvbd+Wn3AOgQP/2Av+TfTCOlE4AcRJE72W1ksZXbAx8PPBR9RzgTeSPzlPMHrbANMH3LbltH73wxQ==","dev":true,"dependencies":{"resolve-pkg-maps":"^1.0.0"},"funding":{"url":"https://github.com/privatenumber/get-tsconfig?sponsor=1"}},"node_modules/hono":{"version":"4.10.7","resolved":"https://registry.npmjs.org/hono/-/hono-4.10.7.tgz","integrity":"sha512-icXIITfw/07Q88nLSkB9aiUrd8rYzSweK681Kjo/TSggaGbOX4RRyxxm71v+3PC8C/j+4rlxGeoTRxQDkaJkUw==","engines":{"node":">=16.9.0"}},"node_modules/resolve-pkg-maps":{"version":"1.0.0","resolved":"https://registry.npmjs.org/resolve-pkg-maps/-/resolve-pkg-maps-1.0.0.tgz","integrity":"sha512-seS2Tj26TBVOC2NIc2rOe2y2ZO7efxITtLZcGSOnHHNOQ7CkiUBfw0Iw2ck6xkIhPwLhKNLS8BO+hEpngQlqzw==","dev":true,"funding":{"url":"https://github.com/privatenumber/resolve-pkg-maps?sponsor=1"}},"node_modules/tsx":{"version":"4.21.0","resolved":"https://registry.npmjs.org/tsx/-/tsx-4.21.0.tgz","integrity":"sha512-5C1sg4USs1lfG0GFb2RLXsdpXqBSEhAaA/0kPL01wxzpMqLILNxIxIOKiILz+cdg/pLnOUxFYOR5yhHU666wbw==","dev":true,"dependencies":{"esbuild":"~0.27.0","get-tsconfig":"^4.7.5"},"bin":{"tsx":"dist/cli.mjs"},"engines":{"node":">=18.0.0"},"optionalDependencies":{"fsevents":"~2.3.3"}},"node_modules/typescript":{"version":"5.9.3","resolved":"https://registry.npmjs.org/typescript/-/typescript-5.9.3.tgz","integrity":"sha512-jl1vZzPDinLr9eUt3J/t7V6FgNEw9QjvBPdysz9KfQDD41fQrC2Y4vKQdiaUpFT4bXlb1RHhLpp8wtm6M5TgSw==","dev":true,"bin":{"tsc":"bin/tsc","tsserver":"bin/tsserver"},"engines":{"node":">=14.17"}},"node_modules/undici-types":{"version":"6.21.0","resolved":"https://registry.npmjs.org/undici-types/-/undici-types-6.21.0.tgz","integrity":"sha512-iwDZqg0QAGrg9Rav5H4n0M64c3mkR59cJ6wQp+7C4nI0gsmExaedaYLNO44eT4AtBBwjbTiGPMlt2Md0T9H9JQ==","dev":true},"node_modules/uuid":{"version":"11.1.0","resolved":"https://registry.npmjs.org/uuid/-/uuid-11.1.0.tgz","integrity":"sha512-0/A9rDy9P7cJ+8w1c9WD9V//9Wj15Ce2MPz8Ri6032usz+NfePxx5AcN3bN+r6ZL6jEo066/yNYB3tn4pQEx+A==","funding":["https://github.com/sponsors/broofa","https://github.com/sponsors/ctavan"],"bin":{"uuid":"dist/esm/bin/uuid"}},"node_modules/zod":{"version":"3.25.76","resolved":"https://registry.npmjs.org/zod/-/zod-3.25.76.tgz","integrity":"sha512-gzUt/qt81nXsFGKIFcC3YnfEAx5NkunCfnDlvuBSSFS02bcXu4Lmea0AFIUwbLWxWPx3d9p8S5QoaujKcNQxcQ==","funding":{"url":"https://github.com/sponsors/colinhacks"}}}}